
Microsoft Visual Studio Solution File, Format Version 12.00
# Visual Studio Version 16
VisualStudioVersion = 16.0.30114.105
MinimumVisualStudioVersion = 10.0.40219.1
Project("{FAE04EC0-301F-11D3-BF4B-00C04F79EFBC}") = "Service", "Service\Service.csproj", "{341E39C3-EDA0-4B86-9C0F-8A4965074637}"
EndProject
Project("{FAE04EC0-301F-11D3-BF4B-00C04F79EFBC}") = "Models", "Models\Models.csproj", "{AEC96B9D-7BF5-41FA-B6F0-0886DBBAC0D3}"
EndProject
Project("{FAE04EC0-301F-11D3-BF4B-00C04F79EFBC}") = "Api", "Api\Api.csproj", "{63A3B5BB-F2B3-4CD7-B3C7-E91837EF2F69}"
EndProject
Project("{FAE04EC0-301F-11D3-BF4B-00C04F79EFBC}") = "Repository", "Repository\Repository.csproj", "{132FFE35-A4B2-495D-B240-E26B2EA081C2}"
EndProject
Global
	GlobalSection(SolutionConfigurationPlatforms) = preSolution
		Debug|Any CPU = Debug|Any CPU
		Debug|x64 = Debug|x64
		Debug|x86 = Debug|x86
		Release|Any CPU = Release|Any CPU
		Release|x64 = Release|x64
		Release|x86 = Release|x86
	EndGlobalSection
	GlobalSection(SolutionProperties) = preSolution
		HideSolutionNode = FALSE
	EndGlobalSection
	GlobalSection(ProjectConfigurationPlatforms) = postSolution
		{341E39C3-EDA0-4B86-9C0F-8A4965074637}.Debug|Any CPU.ActiveCfg = Debug|Any CPU
		{341E39C3-EDA0-4B86-9C0F-8A4965074637}.Debug|Any CPU.Build.0 = Debug|Any CPU
		{341E39C3-EDA0-4B86-9C0F-8A4965074637}.Debug|x64.ActiveCfg = Debug|Any CPU
		{341E39C3-EDA0-4B86-9C0F-8A4965074637}.Debug|x64.Build.0 = Debug|Any CPU
		{341E39C3-EDA0-4B86-9C0F-8A4965074637}.Debug|x86.ActiveCfg = Debug|Any CPU
		{341E39C3-EDA0-4B86-9C0F-8A4965074637}.Debug|x86.Build.0 = Debug|Any CPU
		{341E39C3-EDA0-4B86-9C0F-8A4965074637}.Release|Any CPU.ActiveCfg = Release|Any CPU
		{341E39C3-EDA0-4B86-9C0F-8A4965074637}.Release|Any CPU.Build.0 = Release|Any CPU
		{341E39C3-EDA0-4B86-9C0F-8A4965074637}.Release|x64.ActiveCfg = Release|Any CPU
		{341E39C3-EDA0-4B86-9C0F-8A4965074637}.Release|x64.Build.0 = Release|Any CPU
		{341E39C3-EDA0-4B86-9C0F-8A4965074637}.Release|x86.ActiveCfg = Release|Any CPU
		{341E39C3-EDA0-4B86-9C0F-8A4965074637}.Release|x86.Build.0 = Release|Any CPU
		{AEC96B9D-7BF5-41FA-B6F0-0886DBBAC0D3}.Debug|Any CPU.ActiveCfg = Debug|Any CPU
		{AEC96B9D-7BF5-41FA-B6F0-0886DBBAC0D3}.Debug|Any CPU.Build.0 = Debug|Any CPU
		{AEC96B9D-7BF5-41FA-B6F0-0886DBBAC0D3}.Debug|x64.ActiveCfg = Debug|Any CPU
		{AEC96B9D-7BF5-41FA-B6F0-0886DBBAC0D3}.Debug|x64.Build.0 = Debug|Any CPU
		{AEC96B9D-7BF5-41FA-B6F0-0886DBBAC0D3}.Debug|x86.ActiveCfg = Debug|Any CPU
		{AEC96B9D-7BF5-41FA-B6F0-0886DBBAC0D3}.Debug|x86.Build.0 = Debug|Any CPU
		{AEC96B9D-7BF5-41FA-B6F0-0886DBBAC0D3}.Release|Any CPU.ActiveCfg = Release|Any CPU
		{AEC96B9D-7BF5-41FA-B6F0-0886DBBAC0D3}.Release|Any CPU.Build.0 = Release|Any CPU
		{AEC96B9D-7BF5-41FA-B6F0-0886DBBAC0D3}.Release|x64.ActiveCfg = Release|Any CPU
		{AEC96B9D-7BF5-41FA-B6F0-0886DBBAC0D3}.Release|x64.Build.0 = Release|Any CPU
		{AEC96B9D-7BF5-41FA-B6F0-0886DBBAC0D3}.Release|x86.ActiveCfg = Release|Any CPU
		{AEC96B9D-7BF5-41FA-B6F0-0886DBBAC0D3}.Release|x86.Build.0 = Release|Any CPU
		{63A3B5BB-F2B3-4CD7-B3C7-E91837EF2F69}.Debug|Any CPU.ActiveCfg = Debug|Any CPU
		{63A3B5BB-F2B3-4CD7-B3C7-E91837EF2F69}.Debug|Any CPU.Build.0 = Debug|Any CPU
		{63A3B5BB-F2B3-4CD7-B3C7-E91837EF2F69}.Debug|x64.ActiveCfg = Debug|Any CPU
		{63A3B5BB-F2B3-4CD7-B3C7-E91837EF2F69}.Debug|x64.Build.0 = Debug|Any CPU
		{63A3B5BB-F2B3-4CD7-B3C7-E91837EF2F69}.Debug|x86.ActiveCfg = Debug|Any CPU
		{63A3B5BB-F2B3-4CD7-B3C7-E91837EF2F69}.Debug|x86.Build.0 = Debug|Any CPU
		{63A3B5BB-F2B3-4CD7-B3C7-E91837EF2F69}.Release|Any CPU.ActiveCfg = Release|Any CPU
		{63A3B5BB-F2B3-4CD7-B3C7-E91837EF2F69}.Release|Any CPU.Build.0 = Release|Any CPU
		{63A3B5BB-F2B3-4CD7-B3C7-E91837EF2F69}.Release|x64.ActiveCfg = Release|Any CPU
		{63A3B5BB-F2B3-4CD7-B3C7-E91837EF2F69}.Release|x64.Build.0 = Release|Any CPU
		{63A3B5BB-F2B3-4CD7-B3C7-E91837EF2F69}.Release|x86.ActiveCfg = Release|Any CPU
		{63A3B5BB-F2B3-4CD7-B3C7-E91837EF2F69}.Release|x86.Build.0 = Release|Any CPU
		{132FFE35-A4B2-495D-B240-E26B2EA081C2}.Debug|Any CPU.ActiveCfg = Debug|Any CPU
		{132FFE35-A4B2-495D-B240-E26B2EA081C2}.Debug|Any CPU.Build.0 = Debug|Any CPU
		{132FFE35-A4B2-495D-B240-E26B2EA081C2}.Debug|x64.ActiveCfg = Debug|Any CPU
		{132FFE35-A4B2-495D-B240-E26B2EA081C2}.Debug|x64.Build.0 = Debug|Any CPU
		{132FFE35-A4B2-495D-B240-E26B2EA081C2}.Debug|x86.ActiveCfg = Debug|Any CPU
		{132FFE35-A4B2-495D-B240-E26B2EA081C2}.Debug|x86.Build.0 = Debug|Any CPU
		{132FFE35-A4B2-495D-B240-E26B2EA081C2}.Release|Any CPU.ActiveCfg = Release|Any CPU
		{132FFE35-A4B2-495D-B240-E26B2EA081C2}.Release|Any CPU.Build.0 = Release|Any CPU
		{132FFE35-A4B2-495D-B240-E26B2EA081C2}.Release|x64.ActiveCfg = Release|Any CPU
		{132FFE35-A4B2-495D-B240-E26B2EA081C2}.Release|x64.Build.0 = Release|Any CPU
		{132FFE35-A4B2-495D-B240-E26B2EA081C2}.Release|x86.ActiveCfg = Release|Any CPU
		{132FFE35-A4B2-495D-B240-E26B2EA081C2}.Release|x86.Build.0 = Release|Any CPU
	EndGlobalSection
EndGlobal
